
Microsoft Visual Studio Solution File, Format Version 12.00
# Visual Studio Version 17
VisualStudioVersion = 17.3.32901.215
MinimumVisualStudioVersion = 10.0.40219.1
Project("{9A19103F-16F7-4668-BE54-9A1E7A4F7556}") = "QHI7OE_HFT_2022232.Client", "QHI7OE_HFT_2022232.Client\QHI7OE_HFT_2022232.Client.csproj", "{88BA0D7D-A1F8-44AE-825C-E323BAB84D33}"
EndProject
Project("{9A19103F-16F7-4668-BE54-9A1E7A4F7556}") = "QHI7OE_HFT_2022232.Models", "QHI7OE_HFT_2022232.Models\QHI7OE_HFT_2022232.Models.csproj", "{F1974AA3-2DC7-494B-8297-7F3E09FADD3F}"
EndProject
Project("{9A19103F-16F7-4668-BE54-9A1E7A4F7556}") = "QHI7OE_HFT_2022232.Logic", "QHI7OE_HFT_2022232.Logic\QHI7OE_HFT_2022232.Logic.csproj", "{874FDC57-D7A5-495D-915D-2BE3155E74DE}"
EndProject
Project("{9A19103F-16F7-4668-BE54-9A1E7A4F7556}") = "QHI7OE_HFT_2022232.Repository", "QHI7OE_HFT_2022232.Repository\QHI7OE_HFT_2022232.Repository.csproj", "{CF752CD7-4CC0-4531-BFD3-FB341A5C0736}"
EndProject
Project("{9A19103F-16F7-4668-BE54-9A1E7A4F7556}") = "QHI7OE_HFT_2022232.Test", "QHI7OE_HFT_2022232.Test\QHI7OE_HFT_2022232.Test.csproj", "{66E211FA-0112-47D7-A9CD-A470D02EF4D2}"
EndProject
Project("{9A19103F-16F7-4668-BE54-9A1E7A4F7556}") = "QHI7OE_HFT_2022232.Endpoint", "QHI7OE_HFT_2022232.Endpoint\QHI7OE_HFT_2022232.Endpoint.csproj", "{18A934B8-90D4-4DD4-B7EB-4BF2F251F168}"
EndProject
Project("{2150E333-8FDC-42A3-9474-1A3956D46DE8}") = "Backend", "Backend", "{B6E19AD1-3184-4EAB-839E-576E6F2D1DA3}"
EndProject
Project("{2150E333-8FDC-42A3-9474-1A3956D46DE8}") = "Frontend", "Frontend", "{7A38781B-14DC-4F1E-93C5-BF778AF7BB90}"
EndProject
Project("{2150E333-8FDC-42A3-9474-1A3956D46DE8}") = "Shared", "Shared", "{D08D8996-6BB1-40DB-91F4-E4B446A1A1D4}"
EndProject
Project("{2150E333-8FDC-42A3-9474-1A3956D46DE8}") = "Others", "Others", "{922D1CA6-E4CD-4A1C-AC96-D88A5583631C}"
	ProjectSection(SolutionItems) = preProject
		.gitignore = .gitignore
	EndProjectSection
EndProject
Project("{9A19103F-16F7-4668-BE54-9A1E7A4F7556}") = "QHI7OE_GUI_2022232.WpfClient", "QHI7OE_HFT_2022232.WpfClient\QHI7OE_GUI_2022232.WpfClient.csproj", "{A096C505-28E7-4587-8651-E68AF733FE8E}"
EndProject
Project("{FAE04EC0-301F-11D3-BF4B-00C04F79EFBC}") = "QHI7OE_GUI_2022232.JSClient", "QHI7OE_GUI_2022232.JSClient\QHI7OE_GUI_2022232.JSClient.csproj", "{F22EBB4B-7333-44CD-B107-1FCA0CEE220C}"
EndProject
Global
	GlobalSection(SolutionConfigurationPlatforms) = preSolution
		Debug|Any CPU = Debug|Any CPU
		Release|Any CPU = Release|Any CPU
	EndGlobalSection
	GlobalSection(ProjectConfigurationPlatforms) = postSolution
		{88BA0D7D-A1F8-44AE-825C-E323BAB84D33}.Debug|Any CPU.ActiveCfg = Debug|Any CPU
		{88BA0D7D-A1F8-44AE-825C-E323BAB84D33}.Debug|Any CPU.Build.0 = Debug|Any CPU
		{88BA0D7D-A1F8-44AE-825C-E323BAB84D33}.Release|Any CPU.ActiveCfg = Release|Any CPU
		{88BA0D7D-A1F8-44AE-825C-E323BAB84D33}.Release|Any CPU.Build.0 = Release|Any CPU
		{F1974AA3-2DC7-494B-8297-7F3E09FADD3F}.Debug|Any CPU.ActiveCfg = Debug|Any CPU
		{F1974AA3-2DC7-494B-8297-7F3E09FADD3F}.Debug|Any CPU.Build.0 = Debug|Any CPU
		{F1974AA3-2DC7-494B-8297-7F3E09FADD3F}.Release|Any CPU.ActiveCfg = Release|Any CPU
		{F1974AA3-2DC7-494B-8297-7F3E09FADD3F}.Release|Any CPU.Build.0 = Release|Any CPU
		{874FDC57-D7A5-495D-915D-2BE3155E74DE}.Debug|Any CPU.ActiveCfg = Debug|Any CPU
		{874FDC57-D7A5-495D-915D-2BE3155E74DE}.Debug|Any CPU.Build.0 = Debug|Any CPU
		{874FDC57-D7A5-495D-915D-2BE3155E74DE}.Release|Any CPU.ActiveCfg = Release|Any CPU
		{874FDC57-D7A5-495D-915D-2BE3155E74DE}.Release|Any CPU.Build.0 = Release|Any CPU
		{CF752CD7-4CC0-4531-BFD3-FB341A5C0736}.Debug|Any CPU.ActiveCfg = Debug|Any CPU
		{CF752CD7-4CC0-4531-BFD3-FB341A5C0736}.Debug|Any CPU.Build.0 = Debug|Any CPU
		{CF752CD7-4CC0-4531-BFD3-FB341A5C0736}.Release|Any CPU.ActiveCfg = Release|Any CPU
		{CF752CD7-4CC0-4531-BFD3-FB341A5C0736}.Release|Any CPU.Build.0 = Release|Any CPU
		{66E211FA-0112-47D7-A9CD-A470D02EF4D2}.Debug|Any CPU.ActiveCfg = Debug|Any CPU
		{66E211FA-0112-47D7-A9CD-A470D02EF4D2}.Debug|Any CPU.Build.0 = Debug|Any CPU
		{66E211FA-0112-47D7-A9CD-A470D02EF4D2}.Release|Any CPU.ActiveCfg = Release|Any CPU
		{66E211FA-0112-47D7-A9CD-A470D02EF4D2}.Release|Any CPU.Build.0 = Release|Any CPU
		{18A934B8-90D4-4DD4-B7EB-4BF2F251F168}.Debug|Any CPU.ActiveCfg = Debug|Any CPU
		{18A934B8-90D4-4DD4-B7EB-4BF2F251F168}.Debug|Any CPU.Build.0 = Debug|Any CPU
		{18A934B8-90D4-4DD4-B7EB-4BF2F251F168}.Release|Any CPU.ActiveCfg = Release|Any CPU
		{18A934B8-90D4-4DD4-B7EB-4BF2F251F168}.Release|Any CPU.Build.0 = Release|Any CPU
		{A096C505-28E7-4587-8651-E68AF733FE8E}.Debug|Any CPU.ActiveCfg = Debug|Any CPU
		{A096C505-28E7-4587-8651-E68AF733FE8E}.Debug|Any CPU.Build.0 = Debug|Any CPU
		{A096C505-28E7-4587-8651-E68AF733FE8E}.Release|Any CPU.ActiveCfg = Release|Any CPU
		{A096C505-28E7-4587-8651-E68AF733FE8E}.Release|Any CPU.Build.0 = Release|Any CPU
		{F22EBB4B-7333-44CD-B107-1FCA0CEE220C}.Debug|Any CPU.ActiveCfg = Debug|Any CPU
		{F22EBB4B-7333-44CD-B107-1FCA0CEE220C}.Debug|Any CPU.Build.0 = Debug|Any CPU
		{F22EBB4B-7333-44CD-B107-1FCA0CEE220C}.Release|Any CPU.ActiveCfg = Release|Any CPU
		{F22EBB4B-7333-44CD-B107-1FCA0CEE220C}.Release|Any CPU.Build.0 = Release|Any CPU
	EndGlobalSection
	GlobalSection(SolutionProperties) = preSolution
		HideSolutionNode = FALSE
	EndGlobalSection
	GlobalSection(NestedProjects) = preSolution
		{88BA0D7D-A1F8-44AE-825C-E323BAB84D33} = {7A38781B-14DC-4F1E-93C5-BF778AF7BB90}
		{F1974AA3-2DC7-494B-8297-7F3E09FADD3F} = {D08D8996-6BB1-40DB-91F4-E4B446A1A1D4}
		{874FDC57-D7A5-495D-915D-2BE3155E74DE} = {B6E19AD1-3184-4EAB-839E-576E6F2D1DA3}
		{CF752CD7-4CC0-4531-BFD3-FB341A5C0736} = {B6E19AD1-3184-4EAB-839E-576E6F2D1DA3}
		{66E211FA-0112-47D7-A9CD-A470D02EF4D2} = {B6E19AD1-3184-4EAB-839E-576E6F2D1DA3}
		{18A934B8-90D4-4DD4-B7EB-4BF2F251F168} = {B6E19AD1-3184-4EAB-839E-576E6F2D1DA3}
		{A096C505-28E7-4587-8651-E68AF733FE8E} = {7A38781B-14DC-4F1E-93C5-BF778AF7BB90}
		{F22EBB4B-7333-44CD-B107-1FCA0CEE220C} = {7A38781B-14DC-4F1E-93C5-BF778AF7BB90}
	EndGlobalSection
	GlobalSection(ExtensibilityGlobals) = postSolution
		SolutionGuid = {141682B8-5A79-4FFC-9331-BF1F4FAE0E3A}
	EndGlobalSection
EndGlobal
